// !$*UTF8*$!
{
	archiveVersion = 1;
	classes = {
	};
	objectVersion = 50;
	objects = {

/* Begin PBXBuildFile section */
		FC77F98A24F6D0030064194C /* AppDelegate.swift in Sources */ = {isa = PBXBuildFile; fileRef = FC77F98924F6D0030064194C /* AppDelegate.swift */; };
		FC77F98C24F6D0030064194C /* SceneDelegate.swift in Sources */ = {isa = PBXBuildFile; fileRef = FC77F98B24F6D0030064194C /* SceneDelegate.swift */; };
		FC77F99124F6D0030064194C /* Main.storyboard in Resources */ = {isa = PBXBuildFile; fileRef = FC77F98F24F6D0030064194C /* Main.storyboard */; };
		FC77F99324F6D0050064194C /* Assets.xcassets in Resources */ = {isa = PBXBuildFile; fileRef = FC77F99224F6D0050064194C /* Assets.xcassets */; };
		FC77F99624F6D0050064194C /* LaunchScreen.storyboard in Resources */ = {isa = PBXBuildFile; fileRef = FC77F99424F6D0050064194C /* LaunchScreen.storyboard */; };
		FC77F99E24F6D0EC0064194C /* ExampleCode.swift in Sources */ = {isa = PBXBuildFile; fileRef = FC77F99D24F6D0EC0064194C /* ExampleCode.swift */; };
/* End PBXBuildFile section */

/* Begin PBXFileReference section */
		FC77F98624F6D0030064194C /* ContainerViewDataPassing.app */ = {isa = PBXFileReference; explicitFileType = wrapper.application; includeInIndex = 0; path = ContainerViewDataPassing.app; sourceTree = BUILT_PRODUCTS_DIR; };
		FC77F98924F6D0030064194C /* AppDelegate.swift */ = {isa = PBXFileReference; lastKnownFileType = sourcecode.swift; path = AppDelegate.swift; sourceTree = "<group>"; };
		FC77F98B24F6D0030064194C /* SceneDelegate.swift */ = {isa = PBXFileReference; lastKnownFileType = sourcecode.swift; path = SceneDelegate.swift; sourceTree = "<group>"; };
		FC77F99024F6D0030064194C /* Base */ = {isa = PBXFileReference; lastKnownFileType = file.storyboard; name = Base; path = Base.lproj/Main.storyboard; sourceTree = "<group>"; };
		FC77F99224F6D0050064194C /* Assets.xcassets */ = {isa = PBXFileReference; lastKnownFileType = folder.assetcatalog; path = Assets.xcassets; sourceTree = "<group>"; };
		FC77F99524F6D0050064194C /* Base */ = {isa = PBXFileReference; lastKnownFileType = file.storyboard; name = Base; path = Base.lproj/LaunchScreen.storyboard; sourceTree = "<group>"; };
		FC77F99724F6D0050064194C /* Info.plist */ = {isa = PBXFileReference; lastKnownFileType = text.plist.xml; path = Info.plist; sourceTree = "<group>"; };
		FC77F99D24F6D0EC0064194C /* ExampleCode.swift */ = {isa = PBXFileReference; lastKnownFileType = sourcecode.swift; path = ExampleCode.swift; sourceTree = "<group>"; };
/* End PBXFileReference section */

/* Begin PBXFrameworksBuildPhase section */
		FC77F98324F6D0030064194C /* Frameworks */ = {
			isa = PBXFrameworksBuildPhase;
			buildActionMask = 2147483647;
			files = (
			);
			runOnlyForDeploymentPostprocessing = 0;
		};
/* End PBXFrameworksBuildPhase section */

/* Begin PBXGroup section */
		FC77F97D24F6D0030064194C = {
			isa = PBXGroup;
			children = (
				FC77F98824F6D0030064194C /* ContainerViewDataPassing */,
				FC77F98724F6D0030064194C /* Products */,
			);
			sourceTree = "<group>";
		};
		FC77F98724F6D0030064194C /* Products */ = {
			isa = PBXGroup;
			children = (
				FC77F98624F6D0030064194C /* ContainerViewDataPassing.app */,
			);
			name = Products;
			sourceTree = "<group>";
		};
		FC77F98824F6D0030064194C /* ContainerViewDataPassing */ = {
			isa = PBXGroup;
			children = (
				FC77F98924F6D0030064194C /* AppDelegate.swift */,
				FC77F98B24F6D0030064194C /* SceneDelegate.swift */,
				FC77F99D24F6D0EC0064194C /* ExampleCode.swift */,
				FC77F98F24F6D0030064194C /* Main.storyboard */,
				FC77F99224F6D0050064194C /* Assets.xcassets */,
				FC77F99424F6D0050064194C /* LaunchScreen.storyboard */,
				FC77F99724F6D0050064194C /* Info.plist */,
			);
			path = ContainerViewDataPassing;
			sourceTree = "<group>";
		};
/* End PBXGroup section */

/* Begin PBXNativeTarget section */
		FC77F98524F6D0030064194C /* ContainerViewDataPassing */ = {
			isa = PBXNativeTarget;
			buildConfigurationList = FC77F99A24F6D0050064194C /* Build configuration list for PBXNativeTarget "ContainerViewDataPassing" */;
			buildPhases = (
				FC77F98224F6D0030064194C /* Sources */,
				FC77F98324F6D0030064194C /* Frameworks */,
				FC77F98424F6D0030064194C /* Resources */,
			);
			buildRules = (
			);
			dependencies = (
			);
			name = ContainerViewDataPassing;
			productName = ContainerViewDataPassing;
			productReference = FC77F98624F6D0030064194C /* ContainerViewDataPassing.app */;
			productType = "com.apple.product-type.application";
		};
/* End PBXNativeTarget section */

/* Begin PBXProject section */
		FC77F97E24F6D0030064194C /* Project object */ = {
			isa = PBXProject;
			attributes = {
				LastSwiftUpdateCheck = 1140;
				LastUpgradeCheck = 1140;
				ORGANIZATIONNAME = DonMag;
				TargetAttributes = {
					FC77F98524F6D0030064194C = {
						CreatedOnToolsVersion = 11.4.1;
					};
				};
			};
			buildConfigurationList = FC77F98124F6D0030064194C /* Build configuration list for PBXProject "ContainerViewDataPassing" */;
			compatibilityVersion = "Xcode 9.3";
			developmentRegion = en;
			hasScannedForEncodings = 0;
			knownRegions = (
				en,
				Base,
			);
			mainGroup = FC77F97D24F6D0030064194C;
			productRefGroup = FC77F98724F6D0030064194C /* Products */;
			projectDirPath = "";
			projectRoot = "";
			targets = (
				FC77F98524F6D0030064194C /* ContainerViewDataPassing */,
			);
		};
/* End PBXProject section */

/* Begin PBXResourcesBuildPhase section */
		FC77F98424F6D0030064194C /* Resources */ = {
			isa = PBXResourcesBuildPhase;
			buildActionMask = 2147483647;
			files = (
				FC77F99624F6D0050064194C /* LaunchScreen.storyboard in Resources */,
				FC77F99324F6D0050064194C /* Assets.xcassets in Resources */,
				FC77F99124F6D0030064194C /* Main.storyboard in Resources */,
			);
			runOnlyForDeploymentPostprocessing = 0;
		};
/* End PBXResourcesBuildPhase section */

/* Begin PBXSourcesBuildPhase section */
		FC77F98224F6D0030064194C /* Sources */ = {
			isa = PBXSourcesBuildPhase;
			buildActionMask = 2147483647;
			files = (
				FC77F98A24F6D0030064194C /* AppDelegate.swift in Sources */,
				FC77F98C24F6D0030064194C /* SceneDelegate.swift in Sources */,
				FC77F99E24F6D0EC0064194C /* ExampleCode.swift in Sources */,
			);
			runOnlyForDeploymentPostprocessing = 0;
		};
/* End PBXSourcesBuildPhase section */

/* Begin PBXVariantGroup section */
		FC77F98F24F6D0030064194C /* Main.storyboard */ = {
			isa = PBXVariantGroup;
			children = (
				FC77F99024F6D0030064194C /* Base */,
			);
			name = Main.storyboard;
			sourceTree = "<group>";
		};
		FC77F99424F6D0050064194C /* LaunchScreen.storyboard */ = {
			isa = PBXVariantGroup;
			children = (
				FC77F99524F6D0050064194C /* Base */,
			);
			name = LaunchScreen.storyboard;
			sourceTree = "<group>";
		};
/* End PBXVariantGroup section */

/* Begin XCBuildConfiguration section */
		FC77F99824F6D0050064194C /* Debug */ = {
			isa = XCBuildConfiguration;
			buildSettings = {
				ALWAYS_SEARCH_USER_PATHS = NO;
				CLANG_ANALYZER_NONNULL = YES;
				CLANG_ANALYZER_NUMBER_OBJECT_CONVERSION = YES_AGGRESSIVE;
				CLANG_CXX_LANGUAGE_STANDARD = "gnu++14";
				CLANG_CXX_LIBRARY = "libc++";
				CLANG_ENABLE_MODULES = YES;
				CLANG_ENABLE_OBJC_ARC = YES;
				CLANG_ENABLE_OBJC_WEAK = YES;
				CLANG_WARN_BLOCK_CAPTURE_AUTORELEASING = YES;
				CLANG_WARN_BOOL_CONVERSION = YES;
				CLANG_WARN_COMMA = YES;
				CLANG_WARN_CONSTANT_CONVERSION = YES;
				CLANG_WARN_DEPRECATED_OBJC_IMPLEMENTATIONS = YES;
				CLANG_WARN_DIRECT_OBJC_ISA_USAGE = YES_ERROR;
				CLANG_WARN_DOCUMENTATION_COMMENTS = YES;
				CLANG_WARN_EMPTY_BODY = YES;
				CLANG_WARN_ENUM_CONVERSION = YES;
				CLANG_WARN_INFINITE_RECURSION = YES;
				CLANG_WARN_INT_CONVERSION = YES;
				CLANG_WARN_NON_LITERAL_NULL_CONVERSION = YES;
				CLANG_WARN_OBJC_IMPLICIT_RETAIN_SELF = YES;
				CLANG_WARN_OBJC_LITERAL_CONVERSION = YES;
				CLANG_WARN_OBJC_ROOT_CLASS = YES_ERROR;
				CLANG_WARN_RANGE_LOOP_ANALYSIS = YES;
				CLANG_WARN_STRICT_PROTOTYPES = YES;
				CLANG_WARN_SUSPICIOUS_MOVE = YES;
				CLANG_WARN_UNGUARDED_AVAILABILITY = YES_AGGRESSIVE;
				CLANG_WARN_UNREACHABLE_CODE = YES;
				CLANG_WARN__DUPLICATE_METHOD_MATCH = YES;
				COPY_PHASE_STRIP = NO;
				DEBUG_INFORMATION_FORMAT = dwarf;
				ENABLE_STRICT_OBJC_MSGSEND = YES;
				ENABLE_TESTABILITY = YES;
				GCC_C_LANGUAGE_STANDARD = gnu11;
				GCC_DYNAMIC_NO_PIC = NO;
				GCC_NO_COMMON_BLOCKS = YES;
				GCC_OPTIMIZATION_LEVEL = 0;
				GCC_PREPROCESSOR_DEFINITIONS = (
					"DEBUG=1",
					"$(inherited)",
				);
				GCC_WARN_64_TO_32_BIT_CONVERSION = YES;
				GCC_WARN_ABOUT_RETURN_TYPE = YES_ERROR;
				GCC_WARN_UNDECLARED_SELECTOR = YES;
				GCC_WARN_UNINITIALIZED_AUTOS = YES_AGGRESSIVE;
				GCC_WARN_UNUSED_FUNCTION = YES;
				GCC_WARN_UNUSED_VARIABLE = YES;
				IPHONEOS_DEPLOYMENT_TARGET = 13.4;
				MTL_ENABLE_DEBUG_INFO = INCLUDE_SOURCE;
				MTL_FAST_MATH = YES;
				ONLY_ACTIVE_ARCH = YES;
				SDKROOT = iphoneos;
				SWIFT_ACTIVE_COMPILATION_CONDITIONS = DEBUG;
				SWIFT_OPTIMIZATION_LEVEL = "-Onone";
			};
			name = Debug;
		};
		FC77F99924F6D0050064194C /* Release */ = {
			isa = XCBuildConfiguration;
			buildSettings = {
				ALWAYS_SEARCH_USER_PATHS = NO;
				CLANG_ANALYZER_NONNULL = YES;
				CLANG_ANALYZER_NUMBER_OBJECT_CONVERSION = YES_AGGRESSIVE;
				CLANG_CXX_LANGUAGE_STANDARD = "gnu++14";
				CLANG_CXX_LIBRARY = "libc++";
				CLANG_ENABLE_MODULES = YES;
				CLANG_ENABLE_OBJC_ARC = YES;
				CLANG_ENABLE_OBJC_WEAK = YES;
				CLANG_WARN_BLOCK_CAPTURE_AUTORELEASING = YES;
				CLANG_WARN_BOOL_CONVERSION = YES;
				CLANG_WARN_COMMA = YES;
				CLANG_WARN_CONSTANT_CONVERSION = YES;
				CLANG_WARN_DEPRECATED_OBJC_IMPLEMENTATIONS = YES;
				CLANG_WARN_DIRECT_OBJC_ISA_USAGE = YES_ERROR;
				CLANG_WARN_DOCUMENTATION_COMMENTS = YES;
				CLANG_WARN_EMPTY_BODY = YES;
				CLANG_WARN_ENUM_CONVERSION = YES;
				CLANG_WARN_INFINITE_RECURSION = YES;
				CLANG_WARN_INT_CONVERSION = YES;
				CLANG_WARN_NON_LITERAL_NULL_CONVERSION = YES;
				CLANG_WARN_OBJC_IMPLICIT_RETAIN_SELF = YES;
				CLANG_WARN_OBJC_LITERAL_CONVERSION = YES;
				CLANG_WARN_OBJC_ROOT_CLASS = YES_ERROR;
				CLANG_WARN_RANGE_LOOP_ANALYSIS = YES;
				CLANG_WARN_STRICT_PROTOTYPES = YES;
				CLANG_WARN_SUSPICIOUS_MOVE = YES;
				CLANG_WARN_UNGUARDED_AVAILABILITY = YES_AGGRESSIVE;
				CLANG_WARN_UNREACHABLE_CODE = YES;
				CLANG_WARN__DUPLICATE_METHOD_MATCH = YES;
				COPY_PHASE_STRIP = NO;
				DEBUG_INFORMATION_FORMAT = "dwarf-with-dsym";
				ENABLE_NS_ASSERTIONS = NO;
				ENABLE_STRICT_OBJC_MSGSEND = YES;
				GCC_C_LANGUAGE_STANDARD = gnu11;
				GCC_NO_COMMON_BLOCKS = YES;
				GCC_WARN_64_TO_32_BIT_CONVERSION = YES;
				GCC_WARN_ABOUT_RETURN_TYPE = YES_ERROR;
				GCC_WARN_UNDECLARED_SELECTOR = YES;
				GCC_WARN_UNINITIALIZED_AUTOS = YES_AGGRESSIVE;
				GCC_WARN_UNUSED_FUNCTION = YES;
				GCC_WARN_UNUSED_VARIABLE = YES;
				IPHONEOS_DEPLOYMENT_TARGET = 13.4;
				MTL_ENABLE_DEBUG_INFO = NO;
				MTL_FAST_MATH = YES;
				SDKROOT = iphoneos;
				SWIFT_COMPILATION_MODE = wholemodule;
				SWIFT_OPTIMIZATION_LEVEL = "-O";
				VALIDATE_PRODUCT = YES;
			};
			name = Release;
		};
		FC77F99B24F6D0050064194C /* Debug */ = {
			isa = XCBuildConfiguration;
			buildSettings = {
				ASSETCATALOG_COMPILER_APPICON_NAME = AppIcon;
				CODE_SIGN_STYLE = Automatic;
				INFOPLIST_FILE = ContainerViewDataPassing/Info.plist;
				LD_RUNPATH_SEARCH_PATHS = (
					"$(inherited)",
					"@executable_path/Frameworks",
				);
				PRODUCT_BUNDLE_IDENTIFIER = com.DonMag.ContainerViewDataPassing;
				PRODUCT_NAME = "$(TARGET_NAME)";
				SWIFT_VERSION = 5.0;
				TARGETED_DEVICE_FAMILY = "1,2";
			};
			name = Debug;
		};
		FC77F99C24F6D0050064194C /* Release */ = {
			isa = XCBuildConfiguration;
			buildSettings = {
				ASSETCATALOG_COMPILER_APPICON_NAME = AppIcon;
				CODE_SIGN_STYLE = Automatic;
				INFOPLIST_FILE = ContainerViewDataPassing/Info.plist;
				LD_RUNPATH_SEARCH_PATHS = (
					"$(inherited)",
					"@executable_path/Frameworks",
				);
				PRODUCT_BUNDLE_IDENTIFIER = com.DonMag.ContainerViewDataPassing;
				PRODUCT_NAME = "$(TARGET_NAME)";
				SWIFT_VERSION = 5.0;
				TARGETED_DEVICE_FAMILY = "1,2";
			};
			name = Release;
		};
/* End XCBuildConfiguration section */

/* Begin XCConfigurationList section */
		FC77F98124F6D0030064194C /* Build configuration list for PBXProject "ContainerViewDataPassing" */ = {
			isa = XCConfigurationList;
			buildConfigurations = (
				FC77F99824F6D0050064194C /* Debug */,
				FC77F99924F6D0050064194C /* Release */,
			);
			defaultConfigurationIsVisible = 0;
			defaultConfigurationName = Release;
		};
		FC77F99A24F6D0050064194C /* Build configuration list for PBXNativeTarget "ContainerViewDataPassing" */ = {
			isa = XCConfigurationList;
			buildConfigurations = (
				FC77F99B24F6D0050064194C /* Debug */,
				FC77F99C24F6D0050064194C /* Release */,
			);
			defaultConfigurationIsVisible = 0;
			defaultConfigurationName = Release;
		};
/* End XCConfigurationList section */
	};
	rootObject = FC77F97E24F6D0030064194C /* Project object */;
}
